
Microsoft Visual Studio Solution File, Format Version 12.00
# Visual Studio Version 16
VisualStudioVersion = 16.0.31624.102
MinimumVisualStudioVersion = 10.0.40219.1
Project("{FAE04EC0-301F-11D3-BF4B-00C04F79EFBC}") = "lr1_kaa", "lr1_kaa\lr1_kaa.csproj", "{2371F508-C0C7-439C-B174-A244B814F927}"
EndProject
Global
	GlobalSection(SolutionConfigurationPlatforms) = preSolution
		Debug|Any CPU = Debug|Any CPU
		Release|Any CPU = Release|Any CPU
	EndGlobalSection
	GlobalSection(ProjectConfigurationPlatforms) = postSolution
		{2371F508-C0C7-439C-B174-A244B814F927}.Debug|Any CPU.ActiveCfg = Debug|Any CPU
		{2371F508-C0C7-439C-B174-A244B814F927}.Debug|Any CPU.Build.0 = Debug|Any CPU
		{2371F508-C0C7-439C-B174-A244B814F927}.Release|Any CPU.ActiveCfg = Release|Any CPU
		{2371F508-C0C7-439C-B174-A244B814F927}.Release|Any CPU.Build.0 = Release|Any CPU
	EndGlobalSection
	GlobalSection(SolutionProperties) = preSolution
		HideSolutionNode = FALSE
	EndGlobalSection
	GlobalSection(ExtensibilityGlobals) = postSolution
		SolutionGuid = {E4C5722A-A723-464F-87C1-A68162EE5353}
	EndGlobalSection
EndGlobal
