
Microsoft Visual Studio Solution File, Format Version 12.00
# Visual Studio Version 16
VisualStudioVersion = 16.0.31624.102
MinimumVisualStudioVersion = 10.0.40219.1
Project("{FAE04EC0-301F-11D3-BF4B-00C04F79EFBC}") = "lr2_kaa", "lr2_kaa\lr2_kaa.csproj", "{434C520A-AE93-467B-AEF4-0D9048EFBB9E}"
EndProject
Global
	GlobalSection(SolutionConfigurationPlatforms) = preSolution
		Debug|Any CPU = Debug|Any CPU
		Release|Any CPU = Release|Any CPU
	EndGlobalSection
	GlobalSection(ProjectConfigurationPlatforms) = postSolution
		{434C520A-AE93-467B-AEF4-0D9048EFBB9E}.Debug|Any CPU.ActiveCfg = Debug|Any CPU
		{434C520A-AE93-467B-AEF4-0D9048EFBB9E}.Debug|Any CPU.Build.0 = Debug|Any CPU
		{434C520A-AE93-467B-AEF4-0D9048EFBB9E}.Release|Any CPU.ActiveCfg = Release|Any CPU
		{434C520A-AE93-467B-AEF4-0D9048EFBB9E}.Release|Any CPU.Build.0 = Release|Any CPU
	EndGlobalSection
	GlobalSection(SolutionProperties) = preSolution
		HideSolutionNode = FALSE
	EndGlobalSection
	GlobalSection(ExtensibilityGlobals) = postSolution
		SolutionGuid = {29DE7CF2-E7CE-42FA-89DA-6EFEC3EF107F}
	EndGlobalSection
EndGlobal
